{
  "name": "nana-landing",
  "lockfileVersion": 3,
  "requires": true,
  "packages": {
    "": {
      "name": "nana-landing",
      "dependencies": {
        "@rive-app/canvas": "2.44.0",
        "@vercel/analytics": "2.0.1"
      },
      "engines": {
        "node": "24.x"
      }
    },
    "node_modules/@rive-app/canvas": {
      "version": "2.44.0",
      "resolved": "https://registry.npmjs.org/@rive-app/canvas/-/canvas-2.44.0.tgz",
      "integrity": "sha512-ak0GGwCbuWubi6rP9qB5YPy5CxYuTY3AiuTV4i1Vi7GXhuK2XB+M+4WJMuGcYGfGLzojaVMKaxtunD5OjjGzOQ==",
      "license": "MIT"
    },
    "node_modules/@vercel/analytics": {
      "version": "2.0.1",
      "resolved": "https://registry.npmjs.org/@vercel/analytics/-/analytics-2.0.1.tgz",
      "integrity": "sha512-MTQG6V9qQrt1tsDeF+2Uoo5aPjqbVPys1xvnIftXSJYG2SrwXRHnqEvVoYID7BTruDz4lCd2Z7rM1BdkUehk2g==",
      "license": "MIT",
      "peerDependencies": {
        "@remix-run/react": "^2",
        "@sveltejs/kit": "^1 || ^2",
        "next": ">= 13",
        "nuxt": ">= 3",
        "react": "^18 || ^19 || ^19.0.0-rc",
        "svelte": ">= 4",
        "vue": "^3",
        "vue-router": "^4"
      },
      "peerDependenciesMeta": {
        "@remix-run/react": {
          "optional": true
        },
        "@sveltejs/kit": {
          "optional": true
        },
        "next": {
          "optional": true
        },
        "nuxt": {
          "optional": true
        },
        "react": {
          "optional": true
        },
        "svelte": {
          "optional": true
        },
        "vue": {
          "optional": true
        },
        "vue-router": {
          "optional": true
        }
      }
    }
  }
}
